apiVersion: machineconfiguration.openshift.io/v1
kind: MachineConfig
metadata:
  annotations:
  labels:
    machineconfiguration.openshift.io/role: worker
  name: 02-worker-container-runtime
spec:
  config:
    ignition:
      version: 3.2.0
    storage:
      files:
      - contents:
          source: data:text/plain;charset=utf-8;base64,W2NyaW8ucnVudGltZV0KZGVmYXVsdF91bGltaXRzID0gWwogICAgICAgICJtZW1sb2NrPS0xOi0xIgpdCg==
        mode: 420
        overwrite: true
        path: /etc/crio/crio.conf.d/10-custom
